
Microsoft Visual Studio Solution File, Format Version 12.00
# Visual Studio Version 17
VisualStudioVersion = 17.13.35828.75
MinimumVisualStudioVersion = 10.0.40219.1
Project("{FAE04EC0-301F-11D3-BF4B-00C04F79EFBC}") = "Prueba EF Y DAPPER", "Prueba EF Y DAPPER\Prueba EF Y DAPPER.csproj", "{C25306EB-AE00-4EDB-9A7A-C94B493E651C}"
EndProject
Project("{FAE04EC0-301F-11D3-BF4B-00C04F79EFBC}") = "Domain", "Domain\Domain.csproj", "{C3A2D787-140C-44FD-9D1F-002F31570267}"
EndProject
Project("{FAE04EC0-301F-11D3-BF4B-00C04F79EFBC}") = "Applicacion", "Applicacion\Applicacion.csproj", "{26C41856-E14B-4929-80C9-718C0F381396}"
EndProject
Project("{FAE04EC0-301F-11D3-BF4B-00C04F79EFBC}") = "Infrastructure", "Infrastructure\Infrastructure.csproj", "{C50F4181-421F-4F16-97AE-9663FF6CB548}"
EndProject
Project("{FAE04EC0-301F-11D3-BF4B-00C04F79EFBC}") = "IOC", "IOC\IOC.csproj", "{5262ABCC-A39A-421E-A3FE-3E794650B4B7}"
EndProject
Global
	GlobalSection(SolutionConfigurationPlatforms) = preSolution
		Debug|Any CPU = Debug|Any CPU
		Release|Any CPU = Release|Any CPU
	EndGlobalSection
	GlobalSection(ProjectConfigurationPlatforms) = postSolution
		{C25306EB-AE00-4EDB-9A7A-C94B493E651C}.Debug|Any CPU.ActiveCfg = Debug|Any CPU
		{C25306EB-AE00-4EDB-9A7A-C94B493E651C}.Debug|Any CPU.Build.0 = Debug|Any CPU
		{C25306EB-AE00-4EDB-9A7A-C94B493E651C}.Release|Any CPU.ActiveCfg = Release|Any CPU
		{C25306EB-AE00-4EDB-9A7A-C94B493E651C}.Release|Any CPU.Build.0 = Release|Any CPU
		{C3A2D787-140C-44FD-9D1F-002F31570267}.Debug|Any CPU.ActiveCfg = Debug|Any CPU
		{C3A2D787-140C-44FD-9D1F-002F31570267}.Debug|Any CPU.Build.0 = Debug|Any CPU
		{C3A2D787-140C-44FD-9D1F-002F31570267}.Release|Any CPU.ActiveCfg = Release|Any CPU
		{C3A2D787-140C-44FD-9D1F-002F31570267}.Release|Any CPU.Build.0 = Release|Any CPU
		{26C41856-E14B-4929-80C9-718C0F381396}.Debug|Any CPU.ActiveCfg = Debug|Any CPU
		{26C41856-E14B-4929-80C9-718C0F381396}.Debug|Any CPU.Build.0 = Debug|Any CPU
		{26C41856-E14B-4929-80C9-718C0F381396}.Release|Any CPU.ActiveCfg = Release|Any CPU
		{26C41856-E14B-4929-80C9-718C0F381396}.Release|Any CPU.Build.0 = Release|Any CPU
		{C50F4181-421F-4F16-97AE-9663FF6CB548}.Debug|Any CPU.ActiveCfg = Debug|Any CPU
		{C50F4181-421F-4F16-97AE-9663FF6CB548}.Debug|Any CPU.Build.0 = Debug|Any CPU
		{C50F4181-421F-4F16-97AE-9663FF6CB548}.Release|Any CPU.ActiveCfg = Release|Any CPU
		{C50F4181-421F-4F16-97AE-9663FF6CB548}.Release|Any CPU.Build.0 = Release|Any CPU
		{5262ABCC-A39A-421E-A3FE-3E794650B4B7}.Debug|Any CPU.ActiveCfg = Debug|Any CPU
		{5262ABCC-A39A-421E-A3FE-3E794650B4B7}.Debug|Any CPU.Build.0 = Debug|Any CPU
		{5262ABCC-A39A-421E-A3FE-3E794650B4B7}.Release|Any CPU.ActiveCfg = Release|Any CPU
		{5262ABCC-A39A-421E-A3FE-3E794650B4B7}.Release|Any CPU.Build.0 = Release|Any CPU
	EndGlobalSection
	GlobalSection(SolutionProperties) = preSolution
		HideSolutionNode = FALSE
	EndGlobalSection
	GlobalSection(ExtensibilityGlobals) = postSolution
		SolutionGuid = {15222B0A-BBE0-4CAE-A98F-49EF2A35AEA8}
	EndGlobalSection
EndGlobal
